{
    "name": "password-manager",
    "version": "1.0.0",
    "lockfileVersion": 2,
    "requires": true,
    "packages": {
        "": {
            "name": "password-manager",
            "version": "1.0.0",
            "hasInstallScript": true,
            "license": "MIT",
            "dependencies": {
                "octopus": "git+https://github.com/PrivateSky/octopus.git#1.0.1"
            }
        },
        "node_modules/octopus": {
            "version": "1.0.0",
            "resolved": "git+ssh://git@github.com/PrivateSky/octopus.git#34e4e636f0042cb242329031de8ccc25b1c1338c",
            "integrity": "sha512-xv/bEDRhM0S9sxkbDDY7uyieQVG9UOWrYWUePNbxkoNvYG0ZvvXnA0Z/V392QQ0S5oEtzIZIad9W6fnN+RZVRA==",
            "license": "MIT"
        }
    },
    "dependencies": {
        "octopus": {
            "version": "git+ssh://git@github.com/PrivateSky/octopus.git#34e4e636f0042cb242329031de8ccc25b1c1338c",
            "from": "octopus@git+https://github.com/PrivateSky/octopus.git#1.0.1"
        }
    }
}
